// !$*UTF8*$!
{
	archiveVersion = 1;
	classes = {
	};
	objectVersion = 55;
	objects = {

/* Begin PBXBuildFile section */
		D91FF8B3283ADC9300F882DB /* AppDelegate.swift in Sources */ = {isa = PBXBuildFile; fileRef = D91FF8B2283ADC9300F882DB /* AppDelegate.swift */; };
		D91FF8B5283ADC9300F882DB /* SceneDelegate.swift in Sources */ = {isa = PBXBuildFile; fileRef = D91FF8B4283ADC9300F882DB /* SceneDelegate.swift */; };
		D91FF8BA283ADC9300F882DB /* Main.storyboard in Resources */ = {isa = PBXBuildFile; fileRef = D91FF8B8283ADC9300F882DB /* Main.storyboard */; };
		D91FF8BC283ADC9300F882DB /* Assets.xcassets in Resources */ = {isa = PBXBuildFile; fileRef = D91FF8BB283ADC9300F882DB /* Assets.xcassets */; };
		D91FF8BF283ADC9300F882DB /* LaunchScreen.storyboard in Resources */ = {isa = PBXBuildFile; fileRef = D91FF8BD283ADC9300F882DB /* LaunchScreen.storyboard */; };
		D91FF8C7283ADF2500F882DB /* CategoryTableViewController.swift in Sources */ = {isa = PBXBuildFile; fileRef = D91FF8C6283ADF2500F882DB /* CategoryTableViewController.swift */; };
		D91FF8C9283ADF3700F882DB /* MenuTableViewController.swift in Sources */ = {isa = PBXBuildFile; fileRef = D91FF8C8283ADF3700F882DB /* MenuTableViewController.swift */; };
		D91FF8CB283ADF4000F882DB /* OrderTableViewController.swift in Sources */ = {isa = PBXBuildFile; fileRef = D91FF8CA283ADF4000F882DB /* OrderTableViewController.swift */; };
		D91FF8CE283AE09200F882DB /* MenuItemDetailViewController.swift in Sources */ = {isa = PBXBuildFile; fileRef = D91FF8CD283AE09200F882DB /* MenuItemDetailViewController.swift */; };
		D91FF8D0283AE0EE00F882DB /* MenuItem.swift in Sources */ = {isa = PBXBuildFile; fileRef = D91FF8CF283AE0EE00F882DB /* MenuItem.swift */; };
		D91FF8D2283AE20600F882DB /* ResponseModels.swift in Sources */ = {isa = PBXBuildFile; fileRef = D91FF8D1283AE20600F882DB /* ResponseModels.swift */; };
		D91FF8D4283AE35A00F882DB /* Order.swift in Sources */ = {isa = PBXBuildFile; fileRef = D91FF8D3283AE35A00F882DB /* Order.swift */; };
		D91FF8D6283AE3CC00F882DB /* MenuController.swift in Sources */ = {isa = PBXBuildFile; fileRef = D91FF8D5283AE3CC00F882DB /* MenuController.swift */; };
		D91FF8D8283BF62300F882DB /* MenuItemTableViewCell.swift in Sources */ = {isa = PBXBuildFile; fileRef = D91FF8D7283BF62300F882DB /* MenuItemTableViewCell.swift */; };
		D91FF8DA283C3BA500F882DB /* OrderConfirmationViewController.swift in Sources */ = {isa = PBXBuildFile; fileRef = D91FF8D9283C3BA400F882DB /* OrderConfirmationViewController.swift */; };
/* End PBXBuildFile section */

/* Begin PBXFileReference section */
		D91FF8AF283ADC9300F882DB /* Unit5-Restaurant.app */ = {isa = PBXFileReference; explicitFileType = wrapper.application; includeInIndex = 0; path = "Unit5-Restaurant.app"; sourceTree = BUILT_PRODUCTS_DIR; };
		D91FF8B2283ADC9300F882DB /* AppDelegate.swift */ = {isa = PBXFileReference; lastKnownFileType = sourcecode.swift; path = AppDelegate.swift; sourceTree = "<group>"; };
		D91FF8B4283ADC9300F882DB /* SceneDelegate.swift */ = {isa = PBXFileReference; lastKnownFileType = sourcecode.swift; path = SceneDelegate.swift; sourceTree = "<group>"; };
		D91FF8B9283ADC9300F882DB /* Base */ = {isa = PBXFileReference; lastKnownFileType = file.storyboard; name = Base; path = Base.lproj/Main.storyboard; sourceTree = "<group>"; };
		D91FF8BB283ADC9300F882DB /* Assets.xcassets */ = {isa = PBXFileReference; lastKnownFileType = folder.assetcatalog; path = Assets.xcassets; sourceTree = "<group>"; };
		D91FF8BE283ADC9300F882DB /* Base */ = {isa = PBXFileReference; lastKnownFileType = file.storyboard; name = Base; path = Base.lproj/LaunchScreen.storyboard; sourceTree = "<group>"; };
		D91FF8C0283ADC9300F882DB /* Info.plist */ = {isa = PBXFileReference; lastKnownFileType = text.plist.xml; path = Info.plist; sourceTree = "<group>"; };
		D91FF8C6283ADF2500F882DB /* CategoryTableViewController.swift */ = {isa = PBXFileReference; lastKnownFileType = sourcecode.swift; path = CategoryTableViewController.swift; sourceTree = "<group>"; };
		D91FF8C8283ADF3700F882DB /* MenuTableViewController.swift */ = {isa = PBXFileReference; lastKnownFileType = sourcecode.swift; path = MenuTableViewController.swift; sourceTree = "<group>"; };
		D91FF8CA283ADF4000F882DB /* OrderTableViewController.swift */ = {isa = PBXFileReference; lastKnownFileType = sourcecode.swift; path = OrderTableViewController.swift; sourceTree = "<group>"; };
		D91FF8CD283AE09200F882DB /* MenuItemDetailViewController.swift */ = {isa = PBXFileReference; lastKnownFileType = sourcecode.swift; path = MenuItemDetailViewController.swift; sourceTree = "<group>"; };
		D91FF8CF283AE0EE00F882DB /* MenuItem.swift */ = {isa = PBXFileReference; lastKnownFileType = sourcecode.swift; path = MenuItem.swift; sourceTree = "<group>"; };
		D91FF8D1283AE20600F882DB /* ResponseModels.swift */ = {isa = PBXFileReference; lastKnownFileType = sourcecode.swift; path = ResponseModels.swift; sourceTree = "<group>"; };
		D91FF8D3283AE35A00F882DB /* Order.swift */ = {isa = PBXFileReference; lastKnownFileType = sourcecode.swift; path = Order.swift; sourceTree = "<group>"; };
		D91FF8D5283AE3CC00F882DB /* MenuController.swift */ = {isa = PBXFileReference; lastKnownFileType = sourcecode.swift; path = MenuController.swift; sourceTree = "<group>"; };
		D91FF8D7283BF62300F882DB /* MenuItemTableViewCell.swift */ = {isa = PBXFileReference; lastKnownFileType = sourcecode.swift; path = MenuItemTableViewCell.swift; sourceTree = "<group>"; };
		D91FF8D9283C3BA400F882DB /* OrderConfirmationViewController.swift */ = {isa = PBXFileReference; lastKnownFileType = sourcecode.swift; path = OrderConfirmationViewController.swift; sourceTree = "<group>"; };
/* End PBXFileReference section */

/* Begin PBXFrameworksBuildPhase section */
		D91FF8AC283ADC9300F882DB /* Frameworks */ = {
			isa = PBXFrameworksBuildPhase;
			buildActionMask = 2147483647;
			files = (
			);
			runOnlyForDeploymentPostprocessing = 0;
		};
/* End PBXFrameworksBuildPhase section */

/* Begin PBXGroup section */
		D91FF8A6283ADC9300F882DB = {
			isa = PBXGroup;
			children = (
				D91FF8B1283ADC9300F882DB /* Unit5-Restaurant */,
				D91FF8B0283ADC9300F882DB /* Products */,
			);
			sourceTree = "<group>";
		};
		D91FF8B0283ADC9300F882DB /* Products */ = {
			isa = PBXGroup;
			children = (
				D91FF8AF283ADC9300F882DB /* Unit5-Restaurant.app */,
			);
			name = Products;
			sourceTree = "<group>";
		};
		D91FF8B1283ADC9300F882DB /* Unit5-Restaurant */ = {
			isa = PBXGroup;
			children = (
				D91FF8CC283ADF4A00F882DB /* View Controllers */,
				D91FF8B2283ADC9300F882DB /* AppDelegate.swift */,
				D91FF8B4283ADC9300F882DB /* SceneDelegate.swift */,
				D91FF8B8283ADC9300F882DB /* Main.storyboard */,
				D91FF8D7283BF62300F882DB /* MenuItemTableViewCell.swift */,
				D91FF8CF283AE0EE00F882DB /* MenuItem.swift */,
				D91FF8D1283AE20600F882DB /* ResponseModels.swift */,
				D91FF8D5283AE3CC00F882DB /* MenuController.swift */,
				D91FF8D3283AE35A00F882DB /* Order.swift */,
				D91FF8BB283ADC9300F882DB /* Assets.xcassets */,
				D91FF8BD283ADC9300F882DB /* LaunchScreen.storyboard */,
				D91FF8C0283ADC9300F882DB /* Info.plist */,
			);
			path = "Unit5-Restaurant";
			sourceTree = "<group>";
		};
		D91FF8CC283ADF4A00F882DB /* View Controllers */ = {
			isa = PBXGroup;
			children = (
				D91FF8C6283ADF2500F882DB /* CategoryTableViewController.swift */,
				D91FF8C8283ADF3700F882DB /* MenuTableViewController.swift */,
				D91FF8CA283ADF4000F882DB /* OrderTableViewController.swift */,
				D91FF8CD283AE09200F882DB /* MenuItemDetailViewController.swift */,
				D91FF8D9283C3BA400F882DB /* OrderConfirmationViewController.swift */,
			);
			path = "View Controllers";
			sourceTree = "<group>";
		};
/* End PBXGroup section */

/* Begin PBXNativeTarget section */
		D91FF8AE283ADC9300F882DB /* Unit5-Restaurant */ = {
			isa = PBXNativeTarget;
			buildConfigurationList = D91FF8C3283ADC9300F882DB /* Build configuration list for PBXNativeTarget "Unit5-Restaurant" */;
			buildPhases = (
				D91FF8AB283ADC9300F882DB /* Sources */,
				D91FF8AC283ADC9300F882DB /* Frameworks */,
				D91FF8AD283ADC9300F882DB /* Resources */,
			);
			buildRules = (
			);
			dependencies = (
			);
			name = "Unit5-Restaurant";
			productName = "Unit5-Restaurant";
			productReference = D91FF8AF283ADC9300F882DB /* Unit5-Restaurant.app */;
			productType = "com.apple.product-type.application";
		};
/* End PBXNativeTarget section */

/* Begin PBXProject section */
		D91FF8A7283ADC9300F882DB /* Project object */ = {
			isa = PBXProject;
			attributes = {
				BuildIndependentTargetsInParallel = 1;
				LastSwiftUpdateCheck = 1340;
				LastUpgradeCheck = 1340;
				TargetAttributes = {
					D91FF8AE283ADC9300F882DB = {
						CreatedOnToolsVersion = 13.4;
					};
				};
			};
			buildConfigurationList = D91FF8AA283ADC9300F882DB /* Build configuration list for PBXProject "Unit5-Restaurant" */;
			compatibilityVersion = "Xcode 13.0";
			developmentRegion = en;
			hasScannedForEncodings = 0;
			knownRegions = (
				en,
				Base,
			);
			mainGroup = D91FF8A6283ADC9300F882DB;
			productRefGroup = D91FF8B0283ADC9300F882DB /* Products */;
			projectDirPath = "";
			projectRoot = "";
			targets = (
				D91FF8AE283ADC9300F882DB /* Unit5-Restaurant */,
			);
		};
/* End PBXProject section */

/* Begin PBXResourcesBuildPhase section */
		D91FF8AD283ADC9300F882DB /* Resources */ = {
			isa = PBXResourcesBuildPhase;
			buildActionMask = 2147483647;
			files = (
				D91FF8BF283ADC9300F882DB /* LaunchScreen.storyboard in Resources */,
				D91FF8BC283ADC9300F882DB /* Assets.xcassets in Resources */,
				D91FF8BA283ADC9300F882DB /* Main.storyboard in Resources */,
			);
			runOnlyForDeploymentPostprocessing = 0;
		};
/* End PBXResourcesBuildPhase section */

/* Begin PBXSourcesBuildPhase section */
		D91FF8AB283ADC9300F882DB /* Sources */ = {
			isa = PBXSourcesBuildPhase;
			buildActionMask = 2147483647;
			files = (
				D91FF8D6283AE3CC00F882DB /* MenuController.swift in Sources */,
				D91FF8D0283AE0EE00F882DB /* MenuItem.swift in Sources */,
				D91FF8C9283ADF3700F882DB /* MenuTableViewController.swift in Sources */,
				D91FF8D2283AE20600F882DB /* ResponseModels.swift in Sources */,
				D91FF8D4283AE35A00F882DB /* Order.swift in Sources */,
				D91FF8CE283AE09200F882DB /* MenuItemDetailViewController.swift in Sources */,
				D91FF8CB283ADF4000F882DB /* OrderTableViewController.swift in Sources */,
				D91FF8B3283ADC9300F882DB /* AppDelegate.swift in Sources */,
				D91FF8DA283C3BA500F882DB /* OrderConfirmationViewController.swift in Sources */,
				D91FF8D8283BF62300F882DB /* MenuItemTableViewCell.swift in Sources */,
				D91FF8B5283ADC9300F882DB /* SceneDelegate.swift in Sources */,
				D91FF8C7283ADF2500F882DB /* CategoryTableViewController.swift in Sources */,
			);
			runOnlyForDeploymentPostprocessing = 0;
		};
/* End PBXSourcesBuildPhase section */

/* Begin PBXVariantGroup section */
		D91FF8B8283ADC9300F882DB /* Main.storyboard */ = {
			isa = PBXVariantGroup;
			children = (
				D91FF8B9283ADC9300F882DB /* Base */,
			);
			name = Main.storyboard;
			sourceTree = "<group>";
		};
		D91FF8BD283ADC9300F882DB /* LaunchScreen.storyboard */ = {
			isa = PBXVariantGroup;
			children = (
				D91FF8BE283ADC9300F882DB /* Base */,
			);
			name = LaunchScreen.storyboard;
			sourceTree = "<group>";
		};
/* End PBXVariantGroup section */

/* Begin XCBuildConfiguration section */
		D91FF8C1283ADC9300F882DB /* Debug */ = {
			isa = XCBuildConfiguration;
			buildSettings = {
				ALWAYS_SEARCH_USER_PATHS = NO;
				CLANG_ANALYZER_NONNULL = YES;
				CLANG_ANALYZER_NUMBER_OBJECT_CONVERSION = YES_AGGRESSIVE;
				CLANG_CXX_LANGUAGE_STANDARD = "gnu++17";
				CLANG_ENABLE_MODULES = YES;
				CLANG_ENABLE_OBJC_ARC = YES;
				CLANG_ENABLE_OBJC_WEAK = YES;
				CLANG_WARN_BLOCK_CAPTURE_AUTORELEASING = YES;
				CLANG_WARN_BOOL_CONVERSION = YES;
				CLANG_WARN_COMMA = YES;
				CLANG_WARN_CONSTANT_CONVERSION = YES;
				CLANG_WARN_DEPRECATED_OBJC_IMPLEMENTATIONS = YES;
				CLANG_WARN_DIRECT_OBJC_ISA_USAGE = YES_ERROR;
				CLANG_WARN_DOCUMENTATION_COMMENTS = YES;
				CLANG_WARN_EMPTY_BODY = YES;
				CLANG_WARN_ENUM_CONVERSION = YES;
				CLANG_WARN_INFINITE_RECURSION = YES;
				CLANG_WARN_INT_CONVERSION = YES;
				CLANG_WARN_NON_LITERAL_NULL_CONVERSION = YES;
				CLANG_WARN_OBJC_IMPLICIT_RETAIN_SELF = YES;
				CLANG_WARN_OBJC_LITERAL_CONVERSION = YES;
				CLANG_WARN_OBJC_ROOT_CLASS = YES_ERROR;
				CLANG_WARN_QUOTED_INCLUDE_IN_FRAMEWORK_HEADER = YES;
				CLANG_WARN_RANGE_LOOP_ANALYSIS = YES;
				CLANG_WARN_STRICT_PROTOTYPES = YES;
				CLANG_WARN_SUSPICIOUS_MOVE = YES;
				CLANG_WARN_UNGUARDED_AVAILABILITY = YES_AGGRESSIVE;
				CLANG_WARN_UNREACHABLE_CODE = YES;
				CLANG_WARN__DUPLICATE_METHOD_MATCH = YES;
				COPY_PHASE_STRIP = NO;
				DEBUG_INFORMATION_FORMAT = dwarf;
				ENABLE_STRICT_OBJC_MSGSEND = YES;
				ENABLE_TESTABILITY = YES;
				GCC_C_LANGUAGE_STANDARD = gnu11;
				GCC_DYNAMIC_NO_PIC = NO;
				GCC_NO_COMMON_BLOCKS = YES;
				GCC_OPTIMIZATION_LEVEL = 0;
				GCC_PREPROCESSOR_DEFINITIONS = (
					"DEBUG=1",
					"$(inherited)",
				);
				GCC_WARN_64_TO_32_BIT_CONVERSION = YES;
				GCC_WARN_ABOUT_RETURN_TYPE = YES_ERROR;
				GCC_WARN_UNDECLARED_SELECTOR = YES;
				GCC_WARN_UNINITIALIZED_AUTOS = YES_AGGRESSIVE;
				GCC_WARN_UNUSED_FUNCTION = YES;
				GCC_WARN_UNUSED_VARIABLE = YES;
				IPHONEOS_DEPLOYMENT_TARGET = 15.5;
				MTL_ENABLE_DEBUG_INFO = INCLUDE_SOURCE;
				MTL_FAST_MATH = YES;
				ONLY_ACTIVE_ARCH = YES;
				SDKROOT = iphoneos;
				SWIFT_ACTIVE_COMPILATION_CONDITIONS = DEBUG;
				SWIFT_OPTIMIZATION_LEVEL = "-Onone";
			};
			name = Debug;
		};
		D91FF8C2283ADC9300F882DB /* Release */ = {
			isa = XCBuildConfiguration;
			buildSettings = {
				ALWAYS_SEARCH_USER_PATHS = NO;
				CLANG_ANALYZER_NONNULL = YES;
				CLANG_ANALYZER_NUMBER_OBJECT_CONVERSION = YES_AGGRESSIVE;
				CLANG_CXX_LANGUAGE_STANDARD = "gnu++17";
				CLANG_ENABLE_MODULES = YES;
				CLANG_ENABLE_OBJC_ARC = YES;
				CLANG_ENABLE_OBJC_WEAK = YES;
				CLANG_WARN_BLOCK_CAPTURE_AUTORELEASING = YES;
				CLANG_WARN_BOOL_CONVERSION = YES;
				CLANG_WARN_COMMA = YES;
				CLANG_WARN_CONSTANT_CONVERSION = YES;
				CLANG_WARN_DEPRECATED_OBJC_IMPLEMENTATIONS = YES;
				CLANG_WARN_DIRECT_OBJC_ISA_USAGE = YES_ERROR;
				CLANG_WARN_DOCUMENTATION_COMMENTS = YES;
				CLANG_WARN_EMPTY_BODY = YES;
				CLANG_WARN_ENUM_CONVERSION = YES;
				CLANG_WARN_INFINITE_RECURSION = YES;
				CLANG_WARN_INT_CONVERSION = YES;
				CLANG_WARN_NON_LITERAL_NULL_CONVERSION = YES;
				CLANG_WARN_OBJC_IMPLICIT_RETAIN_SELF = YES;
				CLANG_WARN_OBJC_LITERAL_CONVERSION = YES;
				CLANG_WARN_OBJC_ROOT_CLASS = YES_ERROR;
				CLANG_WARN_QUOTED_INCLUDE_IN_FRAMEWORK_HEADER = YES;
				CLANG_WARN_RANGE_LOOP_ANALYSIS = YES;
				CLANG_WARN_STRICT_PROTOTYPES = YES;
				CLANG_WARN_SUSPICIOUS_MOVE = YES;
				CLANG_WARN_UNGUARDED_AVAILABILITY = YES_AGGRESSIVE;
				CLANG_WARN_UNREACHABLE_CODE = YES;
				CLANG_WARN__DUPLICATE_METHOD_MATCH = YES;
				COPY_PHASE_STRIP = NO;
				DEBUG_INFORMATION_FORMAT = "dwarf-with-dsym";
				ENABLE_NS_ASSERTIONS = NO;
				ENABLE_STRICT_OBJC_MSGSEND = YES;
				GCC_C_LANGUAGE_STANDARD = gnu11;
				GCC_NO_COMMON_BLOCKS = YES;
				GCC_WARN_64_TO_32_BIT_CONVERSION = YES;
				GCC_WARN_ABOUT_RETURN_TYPE = YES_ERROR;
				GCC_WARN_UNDECLARED_SELECTOR = YES;
				GCC_WARN_UNINITIALIZED_AUTOS = YES_AGGRESSIVE;
				GCC_WARN_UNUSED_FUNCTION = YES;
				GCC_WARN_UNUSED_VARIABLE = YES;
				IPHONEOS_DEPLOYMENT_TARGET = 15.5;
				MTL_ENABLE_DEBUG_INFO = NO;
				MTL_FAST_MATH = YES;
				SDKROOT = iphoneos;
				SWIFT_COMPILATION_MODE = wholemodule;
				SWIFT_OPTIMIZATION_LEVEL = "-O";
				VALIDATE_PRODUCT = YES;
			};
			name = Release;
		};
		D91FF8C4283ADC9300F882DB /* Debug */ = {
			isa = XCBuildConfiguration;
			buildSettings = {
				ASSETCATALOG_COMPILER_APPICON_NAME = AppIcon;
				ASSETCATALOG_COMPILER_GLOBAL_ACCENT_COLOR_NAME = AccentColor;
				CODE_SIGN_STYLE = Automatic;
				CURRENT_PROJECT_VERSION = 1;
				GENERATE_INFOPLIST_FILE = YES;
				INFOPLIST_FILE = "Unit5-Restaurant/Info.plist";
				INFOPLIST_KEY_UIApplicationSupportsIndirectInputEvents = YES;
				INFOPLIST_KEY_UILaunchStoryboardName = LaunchScreen;
				INFOPLIST_KEY_UIMainStoryboardFile = Main;
				INFOPLIST_KEY_UISupportedInterfaceOrientations_iPad = "UIInterfaceOrientationPortrait UIInterfaceOrientationPortraitUpsideDown UIInterfaceOrientationLandscapeLeft UIInterfaceOrientationLandscapeRight";
				INFOPLIST_KEY_UISupportedInterfaceOrientations_iPhone = "UIInterfaceOrientationPortrait UIInterfaceOrientationLandscapeLeft UIInterfaceOrientationLandscapeRight";
				LD_RUNPATH_SEARCH_PATHS = (
					"$(inherited)",
					"@executable_path/Frameworks",
				);
				MARKETING_VERSION = 1.0;
				PRODUCT_BUNDLE_IDENTIFIER = "com.example.Unit5-Restaurant";
				PRODUCT_NAME = "$(TARGET_NAME)";
				SWIFT_EMIT_LOC_STRINGS = YES;
				SWIFT_VERSION = 5.0;
				TARGETED_DEVICE_FAMILY = "1,2";
			};
			name = Debug;
		};
		D91FF8C5283ADC9300F882DB /* Release */ = {
			isa = XCBuildConfiguration;
			buildSettings = {
				ASSETCATALOG_COMPILER_APPICON_NAME = AppIcon;
				ASSETCATALOG_COMPILER_GLOBAL_ACCENT_COLOR_NAME = AccentColor;
				CODE_SIGN_STYLE = Automatic;
				CURRENT_PROJECT_VERSION = 1;
				GENERATE_INFOPLIST_FILE = YES;
				INFOPLIST_FILE = "Unit5-Restaurant/Info.plist";
				INFOPLIST_KEY_UIApplicationSupportsIndirectInputEvents = YES;
				INFOPLIST_KEY_UILaunchStoryboardName = LaunchScreen;
				INFOPLIST_KEY_UIMainStoryboardFile = Main;
				INFOPLIST_KEY_UISupportedInterfaceOrientations_iPad = "UIInterfaceOrientationPortrait UIInterfaceOrientationPortraitUpsideDown UIInterfaceOrientationLandscapeLeft UIInterfaceOrientationLandscapeRight";
				INFOPLIST_KEY_UISupportedInterfaceOrientations_iPhone = "UIInterfaceOrientationPortrait UIInterfaceOrientationLandscapeLeft UIInterfaceOrientationLandscapeRight";
				LD_RUNPATH_SEARCH_PATHS = (
					"$(inherited)",
					"@executable_path/Frameworks",
				);
				MARKETING_VERSION = 1.0;
				PRODUCT_BUNDLE_IDENTIFIER = "com.example.Unit5-Restaurant";
				PRODUCT_NAME = "$(TARGET_NAME)";
				SWIFT_EMIT_LOC_STRINGS = YES;
				SWIFT_VERSION = 5.0;
				TARGETED_DEVICE_FAMILY = "1,2";
			};
			name = Release;
		};
/* End XCBuildConfiguration section */

/* Begin XCConfigurationList section */
		D91FF8AA283ADC9300F882DB /* Build configuration list for PBXProject "Unit5-Restaurant" */ = {
			isa = XCConfigurationList;
			buildConfigurations = (
				D91FF8C1283ADC9300F882DB /* Debug */,
				D91FF8C2283ADC9300F882DB /* Release */,
			);
			defaultConfigurationIsVisible = 0;
			defaultConfigurationName = Release;
		};
		D91FF8C3283ADC9300F882DB /* Build configuration list for PBXNativeTarget "Unit5-Restaurant" */ = {
			isa = XCConfigurationList;
			buildConfigurations = (
				D91FF8C4283ADC9300F882DB /* Debug */,
				D91FF8C5283ADC9300F882DB /* Release */,
			);
			defaultConfigurationIsVisible = 0;
			defaultConfigurationName = Release;
		};
/* End XCConfigurationList section */
	};
	rootObject = D91FF8A7283ADC9300F882DB /* Project object */;
}
